// !$*UTF8*$!
{
	archiveVersion = 1;
	classes = {
	};
	objectVersion = 48;
	objects = {

/* Begin PBXBuildFile section */
		E46F90601FD4659B00EE3C63 /* AppDelegate.swift in Sources */ = {isa = PBXBuildFile; fileRef = E46F905F1FD4659B00EE3C63 /* AppDelegate.swift */; };
		E46F90621FD4659B00EE3C63 /* RecordSoundsViewController.swift in Sources */ = {isa = PBXBuildFile; fileRef = E46F90611FD4659B00EE3C63 /* RecordSoundsViewController.swift */; };
		E46F90651FD4659B00EE3C63 /* Main.storyboard in Resources */ = {isa = PBXBuildFile; fileRef = E46F90631FD4659B00EE3C63 /* Main.storyboard */; };
		E46F90671FD4659B00EE3C63 /* Assets.xcassets in Resources */ = {isa = PBXBuildFile; fileRef = E46F90661FD4659B00EE3C63 /* Assets.xcassets */; };
		E46F906A1FD4659B00EE3C63 /* LaunchScreen.storyboard in Resources */ = {isa = PBXBuildFile; fileRef = E46F90681FD4659B00EE3C63 /* LaunchScreen.storyboard */; };
		E46F90751FD4659C00EE3C63 /* PitchPerfectTests.swift in Sources */ = {isa = PBXBuildFile; fileRef = E46F90741FD4659C00EE3C63 /* PitchPerfectTests.swift */; };
		E46F90801FD4659C00EE3C63 /* PitchPerfectUITests.swift in Sources */ = {isa = PBXBuildFile; fileRef = E46F907F1FD4659C00EE3C63 /* PitchPerfectUITests.swift */; };
		E46F90901FD4A5FF00EE3C63 /* PlaySoundsViewController.swift in Sources */ = {isa = PBXBuildFile; fileRef = E46F908F1FD4A5FF00EE3C63 /* PlaySoundsViewController.swift */; };
		E46F90921FD4C0C300EE3C63 /* PlaySoundsViewController+Audio.swift in Sources */ = {isa = PBXBuildFile; fileRef = E46F90911FD4C0C300EE3C63 /* PlaySoundsViewController+Audio.swift */; };
/* End PBXBuildFile section */

/* Begin PBXContainerItemProxy section */
		E46F90711FD4659C00EE3C63 /* PBXContainerItemProxy */ = {
			isa = PBXContainerItemProxy;
			containerPortal = E46F90541FD4659B00EE3C63 /* Project object */;
			proxyType = 1;
			remoteGlobalIDString = E46F905B1FD4659B00EE3C63;
			remoteInfo = PitchPerfect;
		};
		E46F907C1FD4659C00EE3C63 /* PBXContainerItemProxy */ = {
			isa = PBXContainerItemProxy;
			containerPortal = E46F90541FD4659B00EE3C63 /* Project object */;
			proxyType = 1;
			remoteGlobalIDString = E46F905B1FD4659B00EE3C63;
			remoteInfo = PitchPerfect;
		};
/* End PBXContainerItemProxy section */

/* Begin PBXFileReference section */
		E46F905C1FD4659B00EE3C63 /* PitchPerfect.app */ = {isa = PBXFileReference; explicitFileType = wrapper.application; includeInIndex = 0; path = PitchPerfect.app; sourceTree = BUILT_PRODUCTS_DIR; };
		E46F905F1FD4659B00EE3C63 /* AppDelegate.swift */ = {isa = PBXFileReference; lastKnownFileType = sourcecode.swift; path = AppDelegate.swift; sourceTree = "<group>"; };
		E46F90611FD4659B00EE3C63 /* RecordSoundsViewController.swift */ = {isa = PBXFileReference; lastKnownFileType = sourcecode.swift; path = RecordSoundsViewController.swift; sourceTree = "<group>"; };
		E46F90641FD4659B00EE3C63 /* Base */ = {isa = PBXFileReference; lastKnownFileType = file.storyboard; name = Base; path = Base.lproj/Main.storyboard; sourceTree = "<group>"; };
		E46F90661FD4659B00EE3C63 /* Assets.xcassets */ = {isa = PBXFileReference; lastKnownFileType = folder.assetcatalog; path = Assets.xcassets; sourceTree = "<group>"; };
		E46F90691FD4659B00EE3C63 /* Base */ = {isa = PBXFileReference; lastKnownFileType = file.storyboard; name = Base; path = Base.lproj/LaunchScreen.storyboard; sourceTree = "<group>"; };
		E46F906B1FD4659B00EE3C63 /* Info.plist */ = {isa = PBXFileReference; lastKnownFileType = text.plist.xml; path = Info.plist; sourceTree = "<group>"; };
		E46F90701FD4659C00EE3C63 /* PitchPerfectTests.xctest */ = {isa = PBXFileReference; explicitFileType = wrapper.cfbundle; includeInIndex = 0; path = PitchPerfectTests.xctest; sourceTree = BUILT_PRODUCTS_DIR; };
		E46F90741FD4659C00EE3C63 /* PitchPerfectTests.swift */ = {isa = PBXFileReference; lastKnownFileType = sourcecode.swift; path = PitchPerfectTests.swift; sourceTree = "<group>"; };
		E46F90761FD4659C00EE3C63 /* Info.plist */ = {isa = PBXFileReference; lastKnownFileType = text.plist.xml; path = Info.plist; sourceTree = "<group>"; };
		E46F907B1FD4659C00EE3C63 /* PitchPerfectUITests.xctest */ = {isa = PBXFileReference; explicitFileType = wrapper.cfbundle; includeInIndex = 0; path = PitchPerfectUITests.xctest; sourceTree = BUILT_PRODUCTS_DIR; };
		E46F907F1FD4659C00EE3C63 /* PitchPerfectUITests.swift */ = {isa = PBXFileReference; lastKnownFileType = sourcecode.swift; path = PitchPerfectUITests.swift; sourceTree = "<group>"; };
		E46F90811FD4659C00EE3C63 /* Info.plist */ = {isa = PBXFileReference; lastKnownFileType = text.plist.xml; path = Info.plist; sourceTree = "<group>"; };
		E46F908F1FD4A5FF00EE3C63 /* PlaySoundsViewController.swift */ = {isa = PBXFileReference; lastKnownFileType = sourcecode.swift; path = PlaySoundsViewController.swift; sourceTree = "<group>"; };
		E46F90911FD4C0C300EE3C63 /* PlaySoundsViewController+Audio.swift */ = {isa = PBXFileReference; lastKnownFileType = sourcecode.swift; path = "PlaySoundsViewController+Audio.swift"; sourceTree = "<group>"; };
/* End PBXFileReference section */

/* Begin PBXFrameworksBuildPhase section */
		E46F90591FD4659B00EE3C63 /* Frameworks */ = {
			isa = PBXFrameworksBuildPhase;
			buildActionMask = 2147483647;
			files = (
			);
			runOnlyForDeploymentPostprocessing = 0;
		};
		E46F906D1FD4659C00EE3C63 /* Frameworks */ = {
			isa = PBXFrameworksBuildPhase;
			buildActionMask = 2147483647;
			files = (
			);
			runOnlyForDeploymentPostprocessing = 0;
		};
		E46F90781FD4659C00EE3C63 /* Frameworks */ = {
			isa = PBXFrameworksBuildPhase;
			buildActionMask = 2147483647;
			files = (
			);
			runOnlyForDeploymentPostprocessing = 0;
		};
/* End PBXFrameworksBuildPhase section */

/* Begin PBXGroup section */
		E46F90531FD4659B00EE3C63 = {
			isa = PBXGroup;
			children = (
				E46F905E1FD4659B00EE3C63 /* PitchPerfect */,
				E46F90731FD4659C00EE3C63 /* PitchPerfectTests */,
				E46F907E1FD4659C00EE3C63 /* PitchPerfectUITests */,
				E46F905D1FD4659B00EE3C63 /* Products */,
			);
			sourceTree = "<group>";
		};
		E46F905D1FD4659B00EE3C63 /* Products */ = {
			isa = PBXGroup;
			children = (
				E46F905C1FD4659B00EE3C63 /* PitchPerfect.app */,
				E46F90701FD4659C00EE3C63 /* PitchPerfectTests.xctest */,
				E46F907B1FD4659C00EE3C63 /* PitchPerfectUITests.xctest */,
			);
			name = Products;
			sourceTree = "<group>";
		};
		E46F905E1FD4659B00EE3C63 /* PitchPerfect */ = {
			isa = PBXGroup;
			children = (
				E46F905F1FD4659B00EE3C63 /* AppDelegate.swift */,
				E46F90611FD4659B00EE3C63 /* RecordSoundsViewController.swift */,
				E46F90631FD4659B00EE3C63 /* Main.storyboard */,
				E46F90661FD4659B00EE3C63 /* Assets.xcassets */,
				E46F90681FD4659B00EE3C63 /* LaunchScreen.storyboard */,
				E46F906B1FD4659B00EE3C63 /* Info.plist */,
				E46F908F1FD4A5FF00EE3C63 /* PlaySoundsViewController.swift */,
				E46F90911FD4C0C300EE3C63 /* PlaySoundsViewController+Audio.swift */,
			);
			path = PitchPerfect;
			sourceTree = "<group>";
		};
		E46F90731FD4659C00EE3C63 /* PitchPerfectTests */ = {
			isa = PBXGroup;
			children = (
				E46F90741FD4659C00EE3C63 /* PitchPerfectTests.swift */,
				E46F90761FD4659C00EE3C63 /* Info.plist */,
			);
			path = PitchPerfectTests;
			sourceTree = "<group>";
		};
		E46F907E1FD4659C00EE3C63 /* PitchPerfectUITests */ = {
			isa = PBXGroup;
			children = (
				E46F907F1FD4659C00EE3C63 /* PitchPerfectUITests.swift */,
				E46F90811FD4659C00EE3C63 /* Info.plist */,
			);
			path = PitchPerfectUITests;
			sourceTree = "<group>";
		};
/* End PBXGroup section */

/* Begin PBXNativeTarget section */
		E46F905B1FD4659B00EE3C63 /* PitchPerfect */ = {
			isa = PBXNativeTarget;
			buildConfigurationList = E46F90841FD4659C00EE3C63 /* Build configuration list for PBXNativeTarget "PitchPerfect" */;
			buildPhases = (
				E46F90581FD4659B00EE3C63 /* Sources */,
				E46F90591FD4659B00EE3C63 /* Frameworks */,
				E46F905A1FD4659B00EE3C63 /* Resources */,
			);
			buildRules = (
			);
			dependencies = (
			);
			name = PitchPerfect;
			productName = PitchPerfect;
			productReference = E46F905C1FD4659B00EE3C63 /* PitchPerfect.app */;
			productType = "com.apple.product-type.application";
		};
		E46F906F1FD4659C00EE3C63 /* PitchPerfectTests */ = {
			isa = PBXNativeTarget;
			buildConfigurationList = E46F90871FD4659C00EE3C63 /* Build configuration list for PBXNativeTarget "PitchPerfectTests" */;
			buildPhases = (
				E46F906C1FD4659C00EE3C63 /* Sources */,
				E46F906D1FD4659C00EE3C63 /* Frameworks */,
				E46F906E1FD4659C00EE3C63 /* Resources */,
			);
			buildRules = (
			);
			dependencies = (
				E46F90721FD4659C00EE3C63 /* PBXTargetDependency */,
			);
			name = PitchPerfectTests;
			productName = PitchPerfectTests;
			productReference = E46F90701FD4659C00EE3C63 /* PitchPerfectTests.xctest */;
			productType = "com.apple.product-type.bundle.unit-test";
		};
		E46F907A1FD4659C00EE3C63 /* PitchPerfectUITests */ = {
			isa = PBXNativeTarget;
			buildConfigurationList = E46F908A1FD4659C00EE3C63 /* Build configuration list for PBXNativeTarget "PitchPerfectUITests" */;
			buildPhases = (
				E46F90771FD4659C00EE3C63 /* Sources */,
				E46F90781FD4659C00EE3C63 /* Frameworks */,
				E46F90791FD4659C00EE3C63 /* Resources */,
			);
			buildRules = (
			);
			dependencies = (
				E46F907D1FD4659C00EE3C63 /* PBXTargetDependency */,
			);
			name = PitchPerfectUITests;
			productName = PitchPerfectUITests;
			productReference = E46F907B1FD4659C00EE3C63 /* PitchPerfectUITests.xctest */;
			productType = "com.apple.product-type.bundle.ui-testing";
		};
/* End PBXNativeTarget section */

/* Begin PBXProject section */
		E46F90541FD4659B00EE3C63 /* Project object */ = {
			isa = PBXProject;
			attributes = {
				LastSwiftUpdateCheck = 0910;
				LastUpgradeCheck = 0910;
				ORGANIZATIONNAME = "Erick Diego Cajas Monier";
				TargetAttributes = {
					E46F905B1FD4659B00EE3C63 = {
						CreatedOnToolsVersion = 9.1;
						ProvisioningStyle = Automatic;
					};
					E46F906F1FD4659C00EE3C63 = {
						CreatedOnToolsVersion = 9.1;
						ProvisioningStyle = Automatic;
						TestTargetID = E46F905B1FD4659B00EE3C63;
					};
					E46F907A1FD4659C00EE3C63 = {
						CreatedOnToolsVersion = 9.1;
						ProvisioningStyle = Automatic;
						TestTargetID = E46F905B1FD4659B00EE3C63;
					};
				};
			};
			buildConfigurationList = E46F90571FD4659B00EE3C63 /* Build configuration list for PBXProject "PitchPerfect" */;
			compatibilityVersion = "Xcode 8.0";
			developmentRegion = en;
			hasScannedForEncodings = 0;
			knownRegions = (
				en,
				Base,
			);
			mainGroup = E46F90531FD4659B00EE3C63;
			productRefGroup = E46F905D1FD4659B00EE3C63 /* Products */;
			projectDirPath = "";
			projectRoot = "";
			targets = (
				E46F905B1FD4659B00EE3C63 /* PitchPerfect */,
				E46F906F1FD4659C00EE3C63 /* PitchPerfectTests */,
				E46F907A1FD4659C00EE3C63 /* PitchPerfectUITests */,
			);
		};
/* End PBXProject section */

/* Begin PBXResourcesBuildPhase section */
		E46F905A1FD4659B00EE3C63 /* Resources */ = {
			isa = PBXResourcesBuildPhase;
			buildActionMask = 2147483647;
			files = (
				E46F906A1FD4659B00EE3C63 /* LaunchScreen.storyboard in Resources */,
				E46F90671FD4659B00EE3C63 /* Assets.xcassets in Resources */,
				E46F90651FD4659B00EE3C63 /* Main.storyboard in Resources */,
			);
			runOnlyForDeploymentPostprocessing = 0;
		};
		E46F906E1FD4659C00EE3C63 /* Resources */ = {
			isa = PBXResourcesBuildPhase;
			buildActionMask = 2147483647;
			files = (
			);
			runOnlyForDeploymentPostprocessing = 0;
		};
		E46F90791FD4659C00EE3C63 /* Resources */ = {
			isa = PBXResourcesBuildPhase;
			buildActionMask = 2147483647;
			files = (
			);
			runOnlyForDeploymentPostprocessing = 0;
		};
/* End PBXResourcesBuildPhase section */

/* Begin PBXSourcesBuildPhase section */
		E46F90581FD4659B00EE3C63 /* Sources */ = {
			isa = PBXSourcesBuildPhase;
			buildActionMask = 2147483647;
			files = (
				E46F90621FD4659B00EE3C63 /* RecordSoundsViewController.swift in Sources */,
				E46F90921FD4C0C300EE3C63 /* PlaySoundsViewController+Audio.swift in Sources */,
				E46F90901FD4A5FF00EE3C63 /* PlaySoundsViewController.swift in Sources */,
				E46F90601FD4659B00EE3C63 /* AppDelegate.swift in Sources */,
			);
			runOnlyForDeploymentPostprocessing = 0;
		};
		E46F906C1FD4659C00EE3C63 /* Sources */ = {
			isa = PBXSourcesBuildPhase;
			buildActionMask = 2147483647;
			files = (
				E46F90751FD4659C00EE3C63 /* PitchPerfectTests.swift in Sources */,
			);
			runOnlyForDeploymentPostprocessing = 0;
		};
		E46F90771FD4659C00EE3C63 /* Sources */ = {
			isa = PBXSourcesBuildPhase;
			buildActionMask = 2147483647;
			files = (
				E46F90801FD4659C00EE3C63 /* PitchPerfectUITests.swift in Sources */,
			);
			runOnlyForDeploymentPostprocessing = 0;
		};
/* End PBXSourcesBuildPhase section */

/* Begin PBXTargetDependency section */
		E46F90721FD4659C00EE3C63 /* PBXTargetDependency */ = {
			isa = PBXTargetDependency;
			target = E46F905B1FD4659B00EE3C63 /* PitchPerfect */;
			targetProxy = E46F90711FD4659C00EE3C63 /* PBXContainerItemProxy */;
		};
		E46F907D1FD4659C00EE3C63 /* PBXTargetDependency */ = {
			isa = PBXTargetDependency;
			target = E46F905B1FD4659B00EE3C63 /* PitchPerfect */;
			targetProxy = E46F907C1FD4659C00EE3C63 /* PBXContainerItemProxy */;
		};
/* End PBXTargetDependency section */

/* Begin PBXVariantGroup section */
		E46F90631FD4659B00EE3C63 /* Main.storyboard */ = {
			isa = PBXVariantGroup;
			children = (
				E46F90641FD4659B00EE3C63 /* Base */,
			);
			name = Main.storyboard;
			sourceTree = "<group>";
		};
		E46F90681FD4659B00EE3C63 /* LaunchScreen.storyboard */ = {
			isa = PBXVariantGroup;
			children = (
				E46F90691FD4659B00EE3C63 /* Base */,
			);
			name = LaunchScreen.storyboard;
			sourceTree = "<group>";
		};
/* End PBXVariantGroup section */

/* Begin XCBuildConfiguration section */
		E46F90821FD4659C00EE3C63 /* Debug */ = {
			isa = XCBuildConfiguration;
			buildSettings = {
				ALWAYS_SEARCH_USER_PATHS = NO;
				CLANG_ANALYZER_NONNULL = YES;
				CLANG_ANALYZER_NUMBER_OBJECT_CONVERSION = YES_AGGRESSIVE;
				CLANG_CXX_LANGUAGE_STANDARD = "gnu++14";
				CLANG_CXX_LIBRARY = "libc++";
				CLANG_ENABLE_MODULES = YES;
				CLANG_ENABLE_OBJC_ARC = YES;
				CLANG_WARN_BLOCK_CAPTURE_AUTORELEASING = YES;
				CLANG_WARN_BOOL_CONVERSION = YES;
				CLANG_WARN_COMMA = YES;
				CLANG_WARN_CONSTANT_CONVERSION = YES;
				CLANG_WARN_DIRECT_OBJC_ISA_USAGE = YES_ERROR;
				CLANG_WARN_DOCUMENTATION_COMMENTS = YES;
				CLANG_WARN_EMPTY_BODY = YES;
				CLANG_WARN_ENUM_CONVERSION = YES;
				CLANG_WARN_INFINITE_RECURSION = YES;
				CLANG_WARN_INT_CONVERSION = YES;
				CLANG_WARN_NON_LITERAL_NULL_CONVERSION = YES;
				CLANG_WARN_OBJC_LITERAL_CONVERSION = YES;
				CLANG_WARN_OBJC_ROOT_CLASS = YES_ERROR;
				CLANG_WARN_RANGE_LOOP_ANALYSIS = YES;
				CLANG_WARN_STRICT_PROTOTYPES = YES;
				CLANG_WARN_SUSPICIOUS_MOVE = YES;
				CLANG_WARN_UNGUARDED_AVAILABILITY = YES_AGGRESSIVE;
				CLANG_WARN_UNREACHABLE_CODE = YES;
				CLANG_WARN__DUPLICATE_METHOD_MATCH = YES;
				CODE_SIGN_IDENTITY = "iPhone Developer";
				COPY_PHASE_STRIP = NO;
				DEBUG_INFORMATION_FORMAT = dwarf;
				ENABLE_STRICT_OBJC_MSGSEND = YES;
				ENABLE_TESTABILITY = YES;
				GCC_C_LANGUAGE_STANDARD = gnu11;
				GCC_DYNAMIC_NO_PIC = NO;
				GCC_NO_COMMON_BLOCKS = YES;
				GCC_OPTIMIZATION_LEVEL = 0;
				GCC_PREPROCESSOR_DEFINITIONS = (
					"DEBUG=1",
					"$(inherited)",
				);
				GCC_WARN_64_TO_32_BIT_CONVERSION = YES;
				GCC_WARN_ABOUT_RETURN_TYPE = YES_ERROR;
				GCC_WARN_UNDECLARED_SELECTOR = YES;
				GCC_WARN_UNINITIALIZED_AUTOS = YES_AGGRESSIVE;
				GCC_WARN_UNUSED_FUNCTION = YES;
				GCC_WARN_UNUSED_VARIABLE = YES;
				IPHONEOS_DEPLOYMENT_TARGET = 11.1;
				MTL_ENABLE_DEBUG_INFO = YES;
				ONLY_ACTIVE_ARCH = YES;
				SDKROOT = iphoneos;
				SWIFT_ACTIVE_COMPILATION_CONDITIONS = DEBUG;
				SWIFT_OPTIMIZATION_LEVEL = "-Onone";
			};
			name = Debug;
		};
		E46F90831FD4659C00EE3C63 /* Release */ = {
			isa = XCBuildConfiguration;
			buildSettings = {
				ALWAYS_SEARCH_USER_PATHS = NO;
				CLANG_ANALYZER_NONNULL = YES;
				CLANG_ANALYZER_NUMBER_OBJECT_CONVERSION = YES_AGGRESSIVE;
				CLANG_CXX_LANGUAGE_STANDARD = "gnu++14";
				CLANG_CXX_LIBRARY = "libc++";
				CLANG_ENABLE_MODULES = YES;
				CLANG_ENABLE_OBJC_ARC = YES;
				CLANG_WARN_BLOCK_CAPTURE_AUTORELEASING = YES;
				CLANG_WARN_BOOL_CONVERSION = YES;
				CLANG_WARN_COMMA = YES;
				CLANG_WARN_CONSTANT_CONVERSION = YES;
				CLANG_WARN_DIRECT_OBJC_ISA_USAGE = YES_ERROR;
				CLANG_WARN_DOCUMENTATION_COMMENTS = YES;
				CLANG_WARN_EMPTY_BODY = YES;
				CLANG_WARN_ENUM_CONVERSION = YES;
				CLANG_WARN_INFINITE_RECURSION = YES;
				CLANG_WARN_INT_CONVERSION = YES;
				CLANG_WARN_NON_LITERAL_NULL_CONVERSION = YES;
				CLANG_WARN_OBJC_LITERAL_CONVERSION = YES;
				CLANG_WARN_OBJC_ROOT_CLASS = YES_ERROR;
				CLANG_WARN_RANGE_LOOP_ANALYSIS = YES;
				CLANG_WARN_STRICT_PROTOTYPES = YES;
				CLANG_WARN_SUSPICIOUS_MOVE = YES;
				CLANG_WARN_UNGUARDED_AVAILABILITY = YES_AGGRESSIVE;
				CLANG_WARN_UNREACHABLE_CODE = YES;
				CLANG_WARN__DUPLICATE_METHOD_MATCH = YES;
				CODE_SIGN_IDENTITY = "iPhone Developer";
				COPY_PHASE_STRIP = NO;
				DEBUG_INFORMATION_FORMAT = "dwarf-with-dsym";
				ENABLE_NS_ASSERTIONS = NO;
				ENABLE_STRICT_OBJC_MSGSEND = YES;
				GCC_C_LANGUAGE_STANDARD = gnu11;
				GCC_NO_COMMON_BLOCKS = YES;
				GCC_WARN_64_TO_32_BIT_CONVERSION = YES;
				GCC_WARN_ABOUT_RETURN_TYPE = YES_ERROR;
				GCC_WARN_UNDECLARED_SELECTOR = YES;
				GCC_WARN_UNINITIALIZED_AUTOS = YES_AGGRESSIVE;
				GCC_WARN_UNUSED_FUNCTION = YES;
				GCC_WARN_UNUSED_VARIABLE = YES;
				IPHONEOS_DEPLOYMENT_TARGET = 11.1;
				MTL_ENABLE_DEBUG_INFO = NO;
				SDKROOT = iphoneos;
				SWIFT_OPTIMIZATION_LEVEL = "-Owholemodule";
				VALIDATE_PRODUCT = YES;
			};
			name = Release;
		};
		E46F90851FD4659C00EE3C63 /* Debug */ = {
			isa = XCBuildConfiguration;
			buildSettings = {
				ASSETCATALOG_COMPILER_APPICON_NAME = AppIcon;
				CODE_SIGN_STYLE = Automatic;
				DEVELOPMENT_TEAM = 4WTTHBB5AA;
				INFOPLIST_FILE = PitchPerfect/Info.plist;
				LD_RUNPATH_SEARCH_PATHS = "$(inherited) @executable_path/Frameworks";
				PRODUCT_BUNDLE_IDENTIFIER = com.cajasmonier.PitchPerfect;
				PRODUCT_NAME = "$(TARGET_NAME)";
				SWIFT_VERSION = 4.0;
				TARGETED_DEVICE_FAMILY = "1,2";
			};
			name = Debug;
		};
		E46F90861FD4659C00EE3C63 /* Release */ = {
			isa = XCBuildConfiguration;
			buildSettings = {
				ASSETCATALOG_COMPILER_APPICON_NAME = AppIcon;
				CODE_SIGN_STYLE = Automatic;
				DEVELOPMENT_TEAM = 4WTTHBB5AA;
				INFOPLIST_FILE = PitchPerfect/Info.plist;
				LD_RUNPATH_SEARCH_PATHS = "$(inherited) @executable_path/Frameworks";
				PRODUCT_BUNDLE_IDENTIFIER = com.cajasmonier.PitchPerfect;
				PRODUCT_NAME = "$(TARGET_NAME)";
				SWIFT_VERSION = 4.0;
				TARGETED_DEVICE_FAMILY = "1,2";
			};
			name = Release;
		};
		E46F90881FD4659C00EE3C63 /* Debug */ = {
			isa = XCBuildConfiguration;
			buildSettings = {
				ALWAYS_EMBED_SWIFT_STANDARD_LIBRARIES = YES;
				BUNDLE_LOADER = "$(TEST_HOST)";
				CODE_SIGN_STYLE = Automatic;
				DEVELOPMENT_TEAM = 4WTTHBB5AA;
				INFOPLIST_FILE = PitchPerfectTests/Info.plist;
				LD_RUNPATH_SEARCH_PATHS = "$(inherited) @executable_path/Frameworks @loader_path/Frameworks";
				PRODUCT_BUNDLE_IDENTIFIER = com.cajasmonier.PitchPerfectTests;
				PRODUCT_NAME = "$(TARGET_NAME)";
				SWIFT_VERSION = 4.0;
				TARGETED_DEVICE_FAMILY = "1,2";
				TEST_HOST = "$(BUILT_PRODUCTS_DIR)/PitchPerfect.app/PitchPerfect";
			};
			name = Debug;
		};
		E46F90891FD4659C00EE3C63 /* Release */ = {
			isa = XCBuildConfiguration;
			buildSettings = {
				ALWAYS_EMBED_SWIFT_STANDARD_LIBRARIES = YES;
				BUNDLE_LOADER = "$(TEST_HOST)";
				CODE_SIGN_STYLE = Automatic;
				DEVELOPMENT_TEAM = 4WTTHBB5AA;
				INFOPLIST_FILE = PitchPerfectTests/Info.plist;
				LD_RUNPATH_SEARCH_PATHS = "$(inherited) @executable_path/Frameworks @loader_path/Frameworks";
				PRODUCT_BUNDLE_IDENTIFIER = com.cajasmonier.PitchPerfectTests;
				PRODUCT_NAME = "$(TARGET_NAME)";
				SWIFT_VERSION = 4.0;
				TARGETED_DEVICE_FAMILY = "1,2";
				TEST_HOST = "$(BUILT_PRODUCTS_DIR)/PitchPerfect.app/PitchPerfect";
			};
			name = Release;
		};
		E46F908B1FD4659C00EE3C63 /* Debug */ = {
			isa = XCBuildConfiguration;
			buildSettings = {
				ALWAYS_EMBED_SWIFT_STANDARD_LIBRARIES = YES;
				CODE_SIGN_STYLE = Automatic;
				DEVELOPMENT_TEAM = 4WTTHBB5AA;
				INFOPLIST_FILE = PitchPerfectUITests/Info.plist;
				LD_RUNPATH_SEARCH_PATHS = "$(inherited) @executable_path/Frameworks @loader_path/Frameworks";
				PRODUCT_BUNDLE_IDENTIFIER = com.cajasmonier.PitchPerfectUITests;
				PRODUCT_NAME = "$(TARGET_NAME)";
				SWIFT_VERSION = 4.0;
				TARGETED_DEVICE_FAMILY = "1,2";
				TEST_TARGET_NAME = PitchPerfect;
			};
			name = Debug;
		};
		E46F908C1FD4659C00EE3C63 /* Release */ = {
			isa = XCBuildConfiguration;
			buildSettings = {
				ALWAYS_EMBED_SWIFT_STANDARD_LIBRARIES = YES;
				CODE_SIGN_STYLE = Automatic;
				DEVELOPMENT_TEAM = 4WTTHBB5AA;
				INFOPLIST_FILE = PitchPerfectUITests/Info.plist;
				LD_RUNPATH_SEARCH_PATHS = "$(inherited) @executable_path/Frameworks @loader_path/Frameworks";
				PRODUCT_BUNDLE_IDENTIFIER = com.cajasmonier.PitchPerfectUITests;
				PRODUCT_NAME = "$(TARGET_NAME)";
				SWIFT_VERSION = 4.0;
				TARGETED_DEVICE_FAMILY = "1,2";
				TEST_TARGET_NAME = PitchPerfect;
			};
			name = Release;
		};
/* End XCBuildConfiguration section */

/* Begin XCConfigurationList section */
		E46F90571FD4659B00EE3C63 /* Build configuration list for PBXProject "PitchPerfect" */ = {
			isa = XCConfigurationList;
			buildConfigurations = (
				E46F90821FD4659C00EE3C63 /* Debug */,
				E46F90831FD4659C00EE3C63 /* Release */,
			);
			defaultConfigurationIsVisible = 0;
			defaultConfigurationName = Release;
		};
		E46F90841FD4659C00EE3C63 /* Build configuration list for PBXNativeTarget "PitchPerfect" */ = {
			isa = XCConfigurationList;
			buildConfigurations = (
				E46F90851FD4659C00EE3C63 /* Debug */,
				E46F90861FD4659C00EE3C63 /* Release */,
			);
			defaultConfigurationIsVisible = 0;
			defaultConfigurationName = Release;
		};
		E46F90871FD4659C00EE3C63 /* Build configuration list for PBXNativeTarget "PitchPerfectTests" */ = {
			isa = XCConfigurationList;
			buildConfigurations = (
				E46F90881FD4659C00EE3C63 /* Debug */,
				E46F90891FD4659C00EE3C63 /* Release */,
			);
			defaultConfigurationIsVisible = 0;
			defaultConfigurationName = Release;
		};
		E46F908A1FD4659C00EE3C63 /* Build configuration list for PBXNativeTarget "PitchPerfectUITests" */ = {
			isa = XCConfigurationList;
			buildConfigurations = (
				E46F908B1FD4659C00EE3C63 /* Debug */,
				E46F908C1FD4659C00EE3C63 /* Release */,
			);
			defaultConfigurationIsVisible = 0;
			defaultConfigurationName = Release;
		};
/* End XCConfigurationList section */
	};
	rootObject = E46F90541FD4659B00EE3C63 /* Project object */;
}
